
Microsoft Visual Studio Solution File, Format Version 12.00
# Visual Studio Version 17
VisualStudioVersion = 17.9.34607.119
MinimumVisualStudioVersion = 10.0.40219.1
Project("{FAE04EC0-301F-11D3-BF4B-00C04F79EFBC}") = "alap", "alap.csproj", "{3DA03656-CE8A-4A4A-9A75-EBE8E7BE8648}"
EndProject
Global
	GlobalSection(SolutionConfigurationPlatforms) = preSolution
		Debug|Any CPU = Debug|Any CPU
		Release|Any CPU = Release|Any CPU
	EndGlobalSection
	GlobalSection(ProjectConfigurationPlatforms) = postSolution
		{3DA03656-CE8A-4A4A-9A75-EBE8E7BE8648}.Debug|Any CPU.ActiveCfg = Debug|Any CPU
		{3DA03656-CE8A-4A4A-9A75-EBE8E7BE8648}.Debug|Any CPU.Build.0 = Debug|Any CPU
		{3DA03656-CE8A-4A4A-9A75-EBE8E7BE8648}.Release|Any CPU.ActiveCfg = Release|Any CPU
		{3DA03656-CE8A-4A4A-9A75-EBE8E7BE8648}.Release|Any CPU.Build.0 = Release|Any CPU
	EndGlobalSection
	GlobalSection(SolutionProperties) = preSolution
		HideSolutionNode = FALSE
	EndGlobalSection
	GlobalSection(ExtensibilityGlobals) = postSolution
		SolutionGuid = {8A7E0146-622C-41F1-8F8E-21BED9E2214B}
	EndGlobalSection
EndGlobal
